{
  "name": "solana-web3-to-kit",
  "version": "0.1.0",
  "lockfileVersion": 3,
  "requires": true,
  "packages": {
    "": {
      "name": "solana-web3-to-kit",
      "version": "0.1.0",
      "devDependencies": {
        "@codemod.com/jssg-types": "latest",
        "typescript": "latest"
      }
    },
    "node_modules/@codemod.com/jssg-types": {
      "version": "1.5.1",
      "resolved": "https://registry.npmjs.org/@codemod.com/jssg-types/-/jssg-types-1.5.1.tgz",
      "integrity": "sha512-pCngSoz7hpNiMMkoVi+b4uqy7cA2XuJqEaOx52KYN/25bOdzJ7IqU9DEMukOKnWyFt9iy3UBinayit1P1+9wXA==",
      "dev": true,
      "license": "Apache-2.0"
    },
    "node_modules/typescript": {
      "version": "6.0.2",
      "resolved": "https://registry.npmjs.org/typescript/-/typescript-6.0.2.tgz",
      "integrity": "sha512-bGdAIrZ0wiGDo5l8c++HWtbaNCWTS4UTv7RaTH/ThVIgjkveJt83m74bBHMJkuCbslY8ixgLBVZJIOiQlQTjfQ==",
      "dev": true,
      "license": "Apache-2.0",
      "bin": {
        "tsc": "bin/tsc",
        "tsserver": "bin/tsserver"
      },
      "engines": {
        "node": ">=14.17"
      }
    }
  }
}
